
Microsoft Visual Studio Solution File, Format Version 12.00
# Visual Studio Version 17
VisualStudioVersion = 17.3.32901.215
MinimumVisualStudioVersion = 10.0.40219.1
Project("{FAE04EC0-301F-11D3-BF4B-00C04F79EFBC}") = "Lab3", "Lab3.csproj", "{7DB517CC-ABA6-49D4-A2A5-229F11A5211B}"
EndProject
Global
	GlobalSection(SolutionConfigurationPlatforms) = preSolution
		Debug|Any CPU = Debug|Any CPU
		Release|Any CPU = Release|Any CPU
	EndGlobalSection
	GlobalSection(ProjectConfigurationPlatforms) = postSolution
		{7DB517CC-ABA6-49D4-A2A5-229F11A5211B}.Debug|Any CPU.ActiveCfg = Debug|Any CPU
		{7DB517CC-ABA6-49D4-A2A5-229F11A5211B}.Debug|Any CPU.Build.0 = Debug|Any CPU
		{7DB517CC-ABA6-49D4-A2A5-229F11A5211B}.Release|Any CPU.ActiveCfg = Release|Any CPU
		{7DB517CC-ABA6-49D4-A2A5-229F11A5211B}.Release|Any CPU.Build.0 = Release|Any CPU
	EndGlobalSection
	GlobalSection(SolutionProperties) = preSolution
		HideSolutionNode = FALSE
	EndGlobalSection
	GlobalSection(ExtensibilityGlobals) = postSolution
		SolutionGuid = {C68124DA-17EC-4436-9924-60B1AFC260F1}
	EndGlobalSection
EndGlobal
